github.com/kaidev1024/go-deep-equal v1.0.0 h1:2jBANd8JrPlHcQkSOAb/GyQ9U8AEkRFXHr/tKbCCLLo=
github.com/kaidev1024/go-deep-equal v1.0.0/go.mod h1:LruZhiEQPvRm+qSlaOfnMjaxYEE5tjguV3LH7HlGUlw=
github.com/kaidev1024/go-deep-equal v1.1.0 h1:5ZqFbpwdUkks6vURzXMRad15NrD/rjKjQ81zjqV6ZJo=
github.com/kaidev1024/go-deep-equal v1.1.0/go.mod h1:LruZhiEQPvRm+qSlaOfnMjaxYEE5tjguV3LH7HlGUlw=
